
Microsoft Visual Studio Solution File, Format Version 12.00
# Visual Studio 15
VisualStudioVersion = 15.0.28307.168
MinimumVisualStudioVersion = 10.0.40219.1
Project("{FAE04EC0-301F-11D3-BF4B-00C04F79EFBC}") = "StartLifeEventv1", "StartLifeEventv1.csproj", "{772B22B6-5179-4CE3-BB95-6EA45AF61929}"
EndProject
Global
	GlobalSection(SolutionConfigurationPlatforms) = preSolution
		Debug|Any CPU = Debug|Any CPU
		Release|Any CPU = Release|Any CPU
	EndGlobalSection
	GlobalSection(ProjectConfigurationPlatforms) = postSolution
		{772B22B6-5179-4CE3-BB95-6EA45AF61929}.Debug|Any CPU.ActiveCfg = Debug|Any CPU
		{772B22B6-5179-4CE3-BB95-6EA45AF61929}.Debug|Any CPU.Build.0 = Debug|Any CPU
		{772B22B6-5179-4CE3-BB95-6EA45AF61929}.Release|Any CPU.ActiveCfg = Release|Any CPU
		{772B22B6-5179-4CE3-BB95-6EA45AF61929}.Release|Any CPU.Build.0 = Release|Any CPU
	EndGlobalSection
	GlobalSection(SolutionProperties) = preSolution
		HideSolutionNode = FALSE
	EndGlobalSection
	GlobalSection(ExtensibilityGlobals) = postSolution
		SolutionGuid = {0CDA7BC2-87F6-4F42-847E-88ADEF5D542A}
	EndGlobalSection
EndGlobal
